// !$*UTF8*$!
{
	archiveVersion = 1;
	classes = {
	};
	objectVersion = 77;
	objects = {

/* Begin PBXBuildFile section */
		1CCAE7A02F8C9E6300FE074B /* FirebaseCore in Frameworks */ = {isa = PBXBuildFile; productRef = 1CCAE79F2F8C9E6300FE074B /* FirebaseCore */; };
		1CCAE7A22F8C9E6300FE074B /* FirebaseFirestore in Frameworks */ = {isa = PBXBuildFile; productRef = 1CCAE7A12F8C9E6300FE074B /* FirebaseFirestore */; };
/* End PBXBuildFile section */

/* Begin PBXContainerItemProxy section */
		1CCAE77E2F8C957B00FE074B /* PBXContainerItemProxy */ = {
			isa = PBXContainerItemProxy;
			containerPortal = 1CCAE7652F8C957A00FE074B /* Project object */;
			proxyType = 1;
			remoteGlobalIDString = 1CCAE76C2F8C957A00FE074B;
			remoteInfo = Arise;
		};
		1CCAE7882F8C957B00FE074B /* PBXContainerItemProxy */ = {
			isa = PBXContainerItemProxy;
			containerPortal = 1CCAE7652F8C957A00FE074B /* Project object */;
			proxyType = 1;
			remoteGlobalIDString = 1CCAE76C2F8C957A00FE074B;
			remoteInfo = Arise;
		};
/* End PBXContainerItemProxy section */

/* Begin PBXFileReference section */
		1CCAE76D2F8C957A00FE074B /* Arise.app */ = {isa = PBXFileReference; explicitFileType = wrapper.application; includeInIndex = 0; path = Arise.app; sourceTree = BUILT_PRODUCTS_DIR; };
		1CCAE77D2F8C957B00FE074B /* AriseTests.xctest */ = {isa = PBXFileReference; explicitFileType = wrapper.cfbundle; includeInIndex = 0; path = AriseTests.xctest; sourceTree = BUILT_PRODUCTS_DIR; };
		1CCAE7872F8C957B00FE074B /* AriseUITests.xctest */ = {isa = PBXFileReference; explicitFileType = wrapper.cfbundle; includeInIndex = 0; path = AriseUITests.xctest; sourceTree = BUILT_PRODUCTS_DIR; };
/* End PBXFileReference section */

/* Begin PBXFileSystemSynchronizedRootGroup section */
		1CCAE76F2F8C957A00FE074B /* Arise */ = {
			isa = PBXFileSystemSynchronizedRootGroup;
			path = Arise;
			sourceTree = "<group>";
		};
		1CCAE7802F8C957B00FE074B /* AriseTests */ = {
			isa = PBXFileSystemSynchronizedRootGroup;
			path = AriseTests;
			sourceTree = "<group>";
		};
		1CCAE78A2F8C957B00FE074B /* AriseUITests */ = {
			isa = PBXFileSystemSynchronizedRootGroup;
			path = AriseUITests;
			sourceTree = "<group>";
		};
/* End PBXFileSystemSynchronizedRootGroup section */

/* Begin PBXFrameworksBuildPhase section */
		1CCAE76A2F8C957A00FE074B /* Frameworks */ = {
			isa = PBXFrameworksBuildPhase;
			buildActionMask = 2147483647;
			files = (
				1CCAE7A02F8C9E6300FE074B /* FirebaseCore in Frameworks */,
				1CCAE7A22F8C9E6300FE074B /* FirebaseFirestore in Frameworks */,
			);
			runOnlyForDeploymentPostprocessing = 0;
		};
		1CCAE77A2F8C957B00FE074B /* Frameworks */ = {
			isa = PBXFrameworksBuildPhase;
			buildActionMask = 2147483647;
			files = (
			);
			runOnlyForDeploymentPostprocessing = 0;
		};
		1CCAE7842F8C957B00FE074B /* Frameworks */ = {
			isa = PBXFrameworksBuildPhase;
			buildActionMask = 2147483647;
			files = (
			);
			runOnlyForDeploymentPostprocessing = 0;
		};
/* End PBXFrameworksBuildPhase section */

/* Begin PBXGroup section */
		1CCAE7642F8C957A00FE074B = {
			isa = PBXGroup;
			children = (
				1CCAE76F2F8C957A00FE074B /* Arise */,
				1CCAE7802F8C957B00FE074B /* AriseTests */,
				1CCAE78A2F8C957B00FE074B /* AriseUITests */,
				1CCAE76E2F8C957A00FE074B /* Products */,
			);
			sourceTree = "<group>";
		};
		1CCAE76E2F8C957A00FE074B /* Products */ = {
			isa = PBXGroup;
			children = (
				1CCAE76D2F8C957A00FE074B /* Arise.app */,
				1CCAE77D2F8C957B00FE074B /* AriseTests.xctest */,
				1CCAE7872F8C957B00FE074B /* AriseUITests.xctest */,
			);
			name = Products;
			sourceTree = "<group>";
		};
/* End PBXGroup section */

/* Begin PBXNativeTarget section */
		1CCAE76C2F8C957A00FE074B /* Arise */ = {
			isa = PBXNativeTarget;
			buildConfigurationList = 1CCAE7912F8C957B00FE074B /* Build configuration list for PBXNativeTarget "Arise" */;
			buildPhases = (
				1CCAE7692F8C957A00FE074B /* Sources */,
				1CCAE76A2F8C957A00FE074B /* Frameworks */,
				1CCAE76B2F8C957A00FE074B /* Resources */,
			);
			buildRules = (
			);
			dependencies = (
			);
			fileSystemSynchronizedGroups = (
				1CCAE76F2F8C957A00FE074B /* Arise */,
			);
			name = Arise;
			packageProductDependencies = (
				1CCAE79F2F8C9E6300FE074B /* FirebaseCore */,
				1CCAE7A12F8C9E6300FE074B /* FirebaseFirestore */,
			);
			productName = Arise;
			productReference = 1CCAE76D2F8C957A00FE074B /* Arise.app */;
			productType = "com.apple.product-type.application";
		};
		1CCAE77C2F8C957B00FE074B /* AriseTests */ = {
			isa = PBXNativeTarget;
			buildConfigurationList = 1CCAE7942F8C957B00FE074B /* Build configuration list for PBXNativeTarget "AriseTests" */;
			buildPhases = (
				1CCAE7792F8C957B00FE074B /* Sources */,
				1CCAE77A2F8C957B00FE074B /* Frameworks */,
				1CCAE77B2F8C957B00FE074B /* Resources */,
			);
			buildRules = (
			);
			dependencies = (
				1CCAE77F2F8C957B00FE074B /* PBXTargetDependency */,
			);
			fileSystemSynchronizedGroups = (
				1CCAE7802F8C957B00FE074B /* AriseTests */,
			);
			name = AriseTests;
			packageProductDependencies = (
			);
			productName = AriseTests;
			productReference = 1CCAE77D2F8C957B00FE074B /* AriseTests.xctest */;
			productType = "com.apple.product-type.bundle.unit-test";
		};
		1CCAE7862F8C957B00FE074B /* AriseUITests */ = {
			isa = PBXNativeTarget;
			buildConfigurationList = 1CCAE7972F8C957B00FE074B /* Build configuration list for PBXNativeTarget "AriseUITests" */;
			buildPhases = (
				1CCAE7832F8C957B00FE074B /* Sources */,
				1CCAE7842F8C957B00FE074B /* Frameworks */,
				1CCAE7852F8C957B00FE074B /* Resources */,
			);
			buildRules = (
			);
			dependencies = (
				1CCAE7892F8C957B00FE074B /* PBXTargetDependency */,
			);
			fileSystemSynchronizedGroups = (
				1CCAE78A2F8C957B00FE074B /* AriseUITests */,
			);
			name = AriseUITests;
			packageProductDependencies = (
			);
			productName = AriseUITests;
			productReference = 1CCAE7872F8C957B00FE074B /* AriseUITests.xctest */;
			productType = "com.apple.product-type.bundle.ui-testing";
		};
/* End PBXNativeTarget section */

/* Begin PBXProject section */
		1CCAE7652F8C957A00FE074B /* Project object */ = {
			isa = PBXProject;
			attributes = {
				BuildIndependentTargetsInParallel = 1;
				LastSwiftUpdateCheck = 1620;
				LastUpgradeCheck = 1620;
				TargetAttributes = {
					1CCAE76C2F8C957A00FE074B = {
						CreatedOnToolsVersion = 16.2;
					};
					1CCAE77C2F8C957B00FE074B = {
						CreatedOnToolsVersion = 16.2;
						TestTargetID = 1CCAE76C2F8C957A00FE074B;
					};
					1CCAE7862F8C957B00FE074B = {
						CreatedOnToolsVersion = 16.2;
						TestTargetID = 1CCAE76C2F8C957A00FE074B;
					};
				};
			};
			buildConfigurationList = 1CCAE7682F8C957A00FE074B /* Build configuration list for PBXProject "Arise" */;
			developmentRegion = en;
			hasScannedForEncodings = 0;
			knownRegions = (
				en,
				Base,
			);
			mainGroup = 1CCAE7642F8C957A00FE074B;
			minimizedProjectReferenceProxies = 1;
			packageReferences = (
				1CCAE79E2F8C9E6300FE074B /* XCRemoteSwiftPackageReference "firebase-ios-sdk" */,
			);
			preferredProjectObjectVersion = 77;
			productRefGroup = 1CCAE76E2F8C957A00FE074B /* Products */;
			projectDirPath = "";
			projectRoot = "";
			targets = (
				1CCAE76C2F8C957A00FE074B /* Arise */,
				1CCAE77C2F8C957B00FE074B /* AriseTests */,
				1CCAE7862F8C957B00FE074B /* AriseUITests */,
			);
		};
/* End PBXProject section */

/* Begin PBXResourcesBuildPhase section */
		1CCAE76B2F8C957A00FE074B /* Resources */ = {
			isa = PBXResourcesBuildPhase;
			buildActionMask = 2147483647;
			files = (
			);
			runOnlyForDeploymentPostprocessing = 0;
		};
		1CCAE77B2F8C957B00FE074B /* Resources */ = {
			isa = PBXResourcesBuildPhase;
			buildActionMask = 2147483647;
			files = (
			);
			runOnlyForDeploymentPostprocessing = 0;
		};
		1CCAE7852F8C957B00FE074B /* Resources */ = {
			isa = PBXResourcesBuildPhase;
			buildActionMask = 2147483647;
			files = (
			);
			runOnlyForDeploymentPostprocessing = 0;
		};
/* End PBXResourcesBuildPhase section */

/* Begin PBXSourcesBuildPhase section */
		1CCAE7692F8C957A00FE074B /* Sources */ = {
			isa = PBXSourcesBuildPhase;
			buildActionMask = 2147483647;
			files = (
			);
			runOnlyForDeploymentPostprocessing = 0;
		};
		1CCAE7792F8C957B00FE074B /* Sources */ = {
			isa = PBXSourcesBuildPhase;
			buildActionMask = 2147483647;
			files = (
			);
			runOnlyForDeploymentPostprocessing = 0;
		};
		1CCAE7832F8C957B00FE074B /* Sources */ = {
			isa = PBXSourcesBuildPhase;
			buildActionMask = 2147483647;
			files = (
			);
			runOnlyForDeploymentPostprocessing = 0;
		};
/* End PBXSourcesBuildPhase section */

/* Begin PBXTargetDependency section */
		1CCAE77F2F8C957B00FE074B /* PBXTargetDependency */ = {
			isa = PBXTargetDependency;
			target = 1CCAE76C2F8C957A00FE074B /* Arise */;
			targetProxy = 1CCAE77E2F8C957B00FE074B /* PBXContainerItemProxy */;
		};
		1CCAE7892F8C957B00FE074B /* PBXTargetDependency */ = {
			isa = PBXTargetDependency;
			target = 1CCAE76C2F8C957A00FE074B /* Arise */;
			targetProxy = 1CCAE7882F8C957B00FE074B /* PBXContainerItemProxy */;
		};
/* End PBXTargetDependency section */

/* Begin XCBuildConfiguration section */
		1CCAE78F2F8C957B00FE074B /* Debug */ = {
			isa = XCBuildConfiguration;
			buildSettings = {
				ALWAYS_SEARCH_USER_PATHS = NO;
				ASSETCATALOG_COMPILER_GENERATE_SWIFT_ASSET_SYMBOL_EXTENSIONS = YES;
				CLANG_ANALYZER_NONNULL = YES;
				CLANG_ANALYZER_NUMBER_OBJECT_CONVERSION = YES_AGGRESSIVE;
				CLANG_CXX_LANGUAGE_STANDARD = "gnu++20";
				CLANG_ENABLE_MODULES = YES;
				CLANG_ENABLE_OBJC_ARC = YES;
				CLANG_ENABLE_OBJC_WEAK = YES;
				CLANG_WARN_BLOCK_CAPTURE_AUTORELEASING = YES;
				CLANG_WARN_BOOL_CONVERSION = YES;
				CLANG_WARN_COMMA = YES;
				CLANG_WARN_CONSTANT_CONVERSION = YES;
				CLANG_WARN_DEPRECATED_OBJC_IMPLEMENTATIONS = YES;
				CLANG_WARN_DIRECT_OBJC_ISA_USAGE = YES_ERROR;
				CLANG_WARN_DOCUMENTATION_COMMENTS = YES;
				CLANG_WARN_EMPTY_BODY = YES;
				CLANG_WARN_ENUM_CONVERSION = YES;
				CLANG_WARN_INFINITE_RECURSION = YES;
				CLANG_WARN_INT_CONVERSION = YES;
				CLANG_WARN_NON_LITERAL_NULL_CONVERSION = YES;
				CLANG_WARN_OBJC_IMPLICIT_RETAIN_SELF = YES;
				CLANG_WARN_OBJC_LITERAL_CONVERSION = YES;
				CLANG_WARN_OBJC_ROOT_CLASS = YES_ERROR;
				CLANG_WARN_QUOTED_INCLUDE_IN_FRAMEWORK_HEADER = YES;
				CLANG_WARN_RANGE_LOOP_ANALYSIS = YES;
				CLANG_WARN_STRICT_PROTOTYPES = YES;
				CLANG_WARN_SUSPICIOUS_MOVE = YES;
				CLANG_WARN_UNGUARDED_AVAILABILITY = YES_AGGRESSIVE;
				CLANG_WARN_UNREACHABLE_CODE = YES;
				CLANG_WARN__DUPLICATE_METHOD_MATCH = YES;
				COPY_PHASE_STRIP = NO;
				DEBUG_INFORMATION_FORMAT = dwarf;
				ENABLE_STRICT_OBJC_MSGSEND = YES;
				ENABLE_TESTABILITY = YES;
				ENABLE_USER_SCRIPT_SANDBOXING = YES;
				GCC_C_LANGUAGE_STANDARD = gnu17;
				GCC_DYNAMIC_NO_PIC = NO;
				GCC_NO_COMMON_BLOCKS = YES;
				GCC_OPTIMIZATION_LEVEL = 0;
				GCC_PREPROCESSOR_DEFINITIONS = (
					"DEBUG=1",
					"$(inherited)",
				);
				GCC_WARN_64_TO_32_BIT_CONVERSION = YES;
				GCC_WARN_ABOUT_RETURN_TYPE = YES_ERROR;
				GCC_WARN_UNDECLARED_SELECTOR = YES;
				GCC_WARN_UNINITIALIZED_AUTOS = YES_AGGRESSIVE;
				GCC_WARN_UNUSED_FUNCTION = YES;
				GCC_WARN_UNUSED_VARIABLE = YES;
				IPHONEOS_DEPLOYMENT_TARGET = 18.2;
				LOCALIZATION_PREFERS_STRING_CATALOGS = YES;
				MTL_ENABLE_DEBUG_INFO = INCLUDE_SOURCE;
				MTL_FAST_MATH = YES;
				ONLY_ACTIVE_ARCH = YES;
				SDKROOT = iphoneos;
				SWIFT_ACTIVE_COMPILATION_CONDITIONS = "DEBUG $(inherited)";
				SWIFT_OPTIMIZATION_LEVEL = "-Onone";
			};
			name = Debug;
		};
		1CCAE7902F8C957B00FE074B /* Release */ = {
			isa = XCBuildConfiguration;
			buildSettings = {
				ALWAYS_SEARCH_USER_PATHS = NO;
				ASSETCATALOG_COMPILER_GENERATE_SWIFT_ASSET_SYMBOL_EXTENSIONS = YES;
				CLANG_ANALYZER_NONNULL = YES;
				CLANG_ANALYZER_NUMBER_OBJECT_CONVERSION = YES_AGGRESSIVE;
				CLANG_CXX_LANGUAGE_STANDARD = "gnu++20";
				CLANG_ENABLE_MODULES = YES;
				CLANG_ENABLE_OBJC_ARC = YES;
				CLANG_ENABLE_OBJC_WEAK = YES;
				CLANG_WARN_BLOCK_CAPTURE_AUTORELEASING = YES;
				CLANG_WARN_BOOL_CONVERSION = YES;
				CLANG_WARN_COMMA = YES;
				CLANG_WARN_CONSTANT_CONVERSION = YES;
				CLANG_WARN_DEPRECATED_OBJC_IMPLEMENTATIONS = YES;
				CLANG_WARN_DIRECT_OBJC_ISA_USAGE = YES_ERROR;
				CLANG_WARN_DOCUMENTATION_COMMENTS = YES;
				CLANG_WARN_EMPTY_BODY = YES;
				CLANG_WARN_ENUM_CONVERSION = YES;
				CLANG_WARN_INFINITE_RECURSION = YES;
				CLANG_WARN_INT_CONVERSION = YES;
				CLANG_WARN_NON_LITERAL_NULL_CONVERSION = YES;
				CLANG_WARN_OBJC_IMPLICIT_RETAIN_SELF = YES;
				CLANG_WARN_OBJC_LITERAL_CONVERSION = YES;
				CLANG_WARN_OBJC_ROOT_CLASS = YES_ERROR;
				CLANG_WARN_QUOTED_INCLUDE_IN_FRAMEWORK_HEADER = YES;
				CLANG_WARN_RANGE_LOOP_ANALYSIS = YES;
				CLANG_WARN_STRICT_PROTOTYPES = YES;
				CLANG_WARN_SUSPICIOUS_MOVE = YES;
				CLANG_WARN_UNGUARDED_AVAILABILITY = YES_AGGRESSIVE;
				CLANG_WARN_UNREACHABLE_CODE = YES;
				CLANG_WARN__DUPLICATE_METHOD_MATCH = YES;
				COPY_PHASE_STRIP = NO;
				DEBUG_INFORMATION_FORMAT = "dwarf-with-dsym";
				ENABLE_NS_ASSERTIONS = NO;
				ENABLE_STRICT_OBJC_MSGSEND = YES;
				ENABLE_USER_SCRIPT_SANDBOXING = YES;
				GCC_C_LANGUAGE_STANDARD = gnu17;
				GCC_NO_COMMON_BLOCKS = YES;
				GCC_WARN_64_TO_32_BIT_CONVERSION = YES;
				GCC_WARN_ABOUT_RETURN_TYPE = YES_ERROR;
				GCC_WARN_UNDECLARED_SELECTOR = YES;
				GCC_WARN_UNINITIALIZED_AUTOS = YES_AGGRESSIVE;
				GCC_WARN_UNUSED_FUNCTION = YES;
				GCC_WARN_UNUSED_VARIABLE = YES;
				IPHONEOS_DEPLOYMENT_TARGET = 18.2;
				LOCALIZATION_PREFERS_STRING_CATALOGS = YES;
				MTL_ENABLE_DEBUG_INFO = NO;
				MTL_FAST_MATH = YES;
				SDKROOT = iphoneos;
				SWIFT_COMPILATION_MODE = wholemodule;
				VALIDATE_PRODUCT = YES;
			};
			name = Release;
		};
		1CCAE7922F8C957B00FE074B /* Debug */ = {
			isa = XCBuildConfiguration;
			buildSettings = {
				ASSETCATALOG_COMPILER_APPICON_NAME = AppIcon;
				ASSETCATALOG_COMPILER_GLOBAL_ACCENT_COLOR_NAME = AccentColor;
				CODE_SIGN_ENTITLEMENTS = Arise/Arise.entitlements;
				CODE_SIGN_STYLE = Automatic;
				CURRENT_PROJECT_VERSION = 1;
				DEVELOPMENT_ASSET_PATHS = "\"Arise/Preview Content\"";
				DEVELOPMENT_TEAM = W252Q37JMF;
				ENABLE_PREVIEWS = YES;
				GENERATE_INFOPLIST_FILE = YES;
				INFOPLIST_KEY_NSHealthShareUsageDescription = "Arise reads your daily step count to automatically track your steps goal.";
				INFOPLIST_KEY_UIApplicationSceneManifest_Generation = YES;
				INFOPLIST_KEY_UIApplicationSupportsIndirectInputEvents = YES;
				INFOPLIST_KEY_UILaunchScreen_Generation = YES;
				INFOPLIST_KEY_UISupportedInterfaceOrientations_iPad = "UIInterfaceOrientationPortrait UIInterfaceOrientationPortraitUpsideDown UIInterfaceOrientationLandscapeLeft UIInterfaceOrientationLandscapeRight";
				INFOPLIST_KEY_UISupportedInterfaceOrientations_iPhone = "UIInterfaceOrientationPortrait UIInterfaceOrientationLandscapeLeft UIInterfaceOrientationLandscapeRight";
				LD_RUNPATH_SEARCH_PATHS = (
					"$(inherited)",
					"@executable_path/Frameworks",
				);
				MARKETING_VERSION = 1.0;
				PRODUCT_BUNDLE_IDENTIFIER = com.shubham.Arise;
				PRODUCT_NAME = "$(TARGET_NAME)";
				SWIFT_EMIT_LOC_STRINGS = YES;
				SWIFT_VERSION = 5.0;
				TARGETED_DEVICE_FAMILY = "1,2";
			};
			name = Debug;
		};
		1CCAE7932F8C957B00FE074B /* Release */ = {
			isa = XCBuildConfiguration;
			buildSettings = {
				ASSETCATALOG_COMPILER_APPICON_NAME = AppIcon;
				ASSETCATALOG_COMPILER_GLOBAL_ACCENT_COLOR_NAME = AccentColor;
				CODE_SIGN_ENTITLEMENTS = Arise/Arise.entitlements;
				CODE_SIGN_STYLE = Automatic;
				CURRENT_PROJECT_VERSION = 1;
				DEVELOPMENT_ASSET_PATHS = "\"Arise/Preview Content\"";
				DEVELOPMENT_TEAM = W252Q37JMF;
				ENABLE_PREVIEWS = YES;
				GENERATE_INFOPLIST_FILE = YES;
				INFOPLIST_KEY_NSHealthShareUsageDescription = "Arise reads your daily step count to automatically track your steps goal.";
				INFOPLIST_KEY_UIApplicationSceneManifest_Generation = YES;
				INFOPLIST_KEY_UIApplicationSupportsIndirectInputEvents = YES;
				INFOPLIST_KEY_UILaunchScreen_Generation = YES;
				INFOPLIST_KEY_UISupportedInterfaceOrientations_iPad = "UIInterfaceOrientationPortrait UIInterfaceOrientationPortraitUpsideDown UIInterfaceOrientationLandscapeLeft UIInterfaceOrientationLandscapeRight";
				INFOPLIST_KEY_UISupportedInterfaceOrientations_iPhone = "UIInterfaceOrientationPortrait UIInterfaceOrientationLandscapeLeft UIInterfaceOrientationLandscapeRight";
				LD_RUNPATH_SEARCH_PATHS = (
					"$(inherited)",
					"@executable_path/Frameworks",
				);
				MARKETING_VERSION = 1.0;
				PRODUCT_BUNDLE_IDENTIFIER = com.shubham.Arise;
				PRODUCT_NAME = "$(TARGET_NAME)";
				SWIFT_EMIT_LOC_STRINGS = YES;
				SWIFT_VERSION = 5.0;
				TARGETED_DEVICE_FAMILY = "1,2";
			};
			name = Release;
		};
		1CCAE7952F8C957B00FE074B /* Debug */ = {
			isa = XCBuildConfiguration;
			buildSettings = {
				BUNDLE_LOADER = "$(TEST_HOST)";
				CODE_SIGN_STYLE = Automatic;
				CURRENT_PROJECT_VERSION = 1;
				GENERATE_INFOPLIST_FILE = YES;
				IPHONEOS_DEPLOYMENT_TARGET = 18.2;
				MARKETING_VERSION = 1.0;
				PRODUCT_BUNDLE_IDENTIFIER = com.shubham.AriseTests;
				PRODUCT_NAME = "$(TARGET_NAME)";
				SWIFT_EMIT_LOC_STRINGS = NO;
				SWIFT_VERSION = 5.0;
				TARGETED_DEVICE_FAMILY = "1,2";
				TEST_HOST = "$(BUILT_PRODUCTS_DIR)/Arise.app/$(BUNDLE_EXECUTABLE_FOLDER_PATH)/Arise";
			};
			name = Debug;
		};
		1CCAE7962F8C957B00FE074B /* Release */ = {
			isa = XCBuildConfiguration;
			buildSettings = {
				BUNDLE_LOADER = "$(TEST_HOST)";
				CODE_SIGN_STYLE = Automatic;
				CURRENT_PROJECT_VERSION = 1;
				GENERATE_INFOPLIST_FILE = YES;
				IPHONEOS_DEPLOYMENT_TARGET = 18.2;
				MARKETING_VERSION = 1.0;
				PRODUCT_BUNDLE_IDENTIFIER = com.shubham.AriseTests;
				PRODUCT_NAME = "$(TARGET_NAME)";
				SWIFT_EMIT_LOC_STRINGS = NO;
				SWIFT_VERSION = 5.0;
				TARGETED_DEVICE_FAMILY = "1,2";
				TEST_HOST = "$(BUILT_PRODUCTS_DIR)/Arise.app/$(BUNDLE_EXECUTABLE_FOLDER_PATH)/Arise";
			};
			name = Release;
		};
		1CCAE7982F8C957B00FE074B /* Debug */ = {
			isa = XCBuildConfiguration;
			buildSettings = {
				CODE_SIGN_STYLE = Automatic;
				CURRENT_PROJECT_VERSION = 1;
				GENERATE_INFOPLIST_FILE = YES;
				MARKETING_VERSION = 1.0;
				PRODUCT_BUNDLE_IDENTIFIER = com.shubham.AriseUITests;
				PRODUCT_NAME = "$(TARGET_NAME)";
				SWIFT_EMIT_LOC_STRINGS = NO;
				SWIFT_VERSION = 5.0;
				TARGETED_DEVICE_FAMILY = "1,2";
				TEST_TARGET_NAME = Arise;
			};
			name = Debug;
		};
		1CCAE7992F8C957B00FE074B /* Release */ = {
			isa = XCBuildConfiguration;
			buildSettings = {
				CODE_SIGN_STYLE = Automatic;
				CURRENT_PROJECT_VERSION = 1;
				GENERATE_INFOPLIST_FILE = YES;
				MARKETING_VERSION = 1.0;
				PRODUCT_BUNDLE_IDENTIFIER = com.shubham.AriseUITests;
				PRODUCT_NAME = "$(TARGET_NAME)";
				SWIFT_EMIT_LOC_STRINGS = NO;
				SWIFT_VERSION = 5.0;
				TARGETED_DEVICE_FAMILY = "1,2";
				TEST_TARGET_NAME = Arise;
			};
			name = Release;
		};
/* End XCBuildConfiguration section */

/* Begin XCConfigurationList section */
		1CCAE7682F8C957A00FE074B /* Build configuration list for PBXProject "Arise" */ = {
			isa = XCConfigurationList;
			buildConfigurations = (
				1CCAE78F2F8C957B00FE074B /* Debug */,
				1CCAE7902F8C957B00FE074B /* Release */,
			);
			defaultConfigurationIsVisible = 0;
			defaultConfigurationName = Release;
		};
		1CCAE7912F8C957B00FE074B /* Build configuration list for PBXNativeTarget "Arise" */ = {
			isa = XCConfigurationList;
			buildConfigurations = (
				1CCAE7922F8C957B00FE074B /* Debug */,
				1CCAE7932F8C957B00FE074B /* Release */,
			);
			defaultConfigurationIsVisible = 0;
			defaultConfigurationName = Release;
		};
		1CCAE7942F8C957B00FE074B /* Build configuration list for PBXNativeTarget "AriseTests" */ = {
			isa = XCConfigurationList;
			buildConfigurations = (
				1CCAE7952F8C957B00FE074B /* Debug */,
				1CCAE7962F8C957B00FE074B /* Release */,
			);
			defaultConfigurationIsVisible = 0;
			defaultConfigurationName = Release;
		};
		1CCAE7972F8C957B00FE074B /* Build configuration list for PBXNativeTarget "AriseUITests" */ = {
			isa = XCConfigurationList;
			buildConfigurations = (
				1CCAE7982F8C957B00FE074B /* Debug */,
				1CCAE7992F8C957B00FE074B /* Release */,
			);
			defaultConfigurationIsVisible = 0;
			defaultConfigurationName = Release;
		};
/* End XCConfigurationList section */

/* Begin XCRemoteSwiftPackageReference section */
		1CCAE79E2F8C9E6300FE074B /* XCRemoteSwiftPackageReference "firebase-ios-sdk" */ = {
			isa = XCRemoteSwiftPackageReference;
			repositoryURL = "https://github.com/firebase/firebase-ios-sdk.git";
			requirement = {
				kind = upToNextMajorVersion;
				minimumVersion = 12.12.0;
			};
		};
/* End XCRemoteSwiftPackageReference section */

/* Begin XCSwiftPackageProductDependency section */
		1CCAE79F2F8C9E6300FE074B /* FirebaseCore */ = {
			isa = XCSwiftPackageProductDependency;
			package = 1CCAE79E2F8C9E6300FE074B /* XCRemoteSwiftPackageReference "firebase-ios-sdk" */;
			productName = FirebaseCore;
		};
		1CCAE7A12F8C9E6300FE074B /* FirebaseFirestore */ = {
			isa = XCSwiftPackageProductDependency;
			package = 1CCAE79E2F8C9E6300FE074B /* XCRemoteSwiftPackageReference "firebase-ios-sdk" */;
			productName = FirebaseFirestore;
		};
/* End XCSwiftPackageProductDependency section */
	};
	rootObject = 1CCAE7652F8C957A00FE074B /* Project object */;
}
